
Microsoft Visual Studio Solution File, Format Version 12.00
# Visual Studio Version 16
VisualStudioVersion = 16.0.32126.315
MinimumVisualStudioVersion = 10.0.40219.1
Project("{FAE04EC0-301F-11D3-BF4B-00C04F79EFBC}") = "Booklist", "Booklist\Booklist.csproj", "{0FFC14C0-78B1-4ADF-88BD-9F39BDECC113}"
EndProject
Global
	GlobalSection(SolutionConfigurationPlatforms) = preSolution
		Debug|Any CPU = Debug|Any CPU
		Release|Any CPU = Release|Any CPU
	EndGlobalSection
	GlobalSection(ProjectConfigurationPlatforms) = postSolution
		{0FFC14C0-78B1-4ADF-88BD-9F39BDECC113}.Debug|Any CPU.ActiveCfg = Debug|Any CPU
		{0FFC14C0-78B1-4ADF-88BD-9F39BDECC113}.Debug|Any CPU.Build.0 = Debug|Any CPU
		{0FFC14C0-78B1-4ADF-88BD-9F39BDECC113}.Release|Any CPU.ActiveCfg = Release|Any CPU
		{0FFC14C0-78B1-4ADF-88BD-9F39BDECC113}.Release|Any CPU.Build.0 = Release|Any CPU
	EndGlobalSection
	GlobalSection(SolutionProperties) = preSolution
		HideSolutionNode = FALSE
	EndGlobalSection
	GlobalSection(ExtensibilityGlobals) = postSolution
		SolutionGuid = {45836133-6CE3-4FA1-9053-9370D3237896}
	EndGlobalSection
EndGlobal
