
Microsoft Visual Studio Solution File, Format Version 12.00
# Visual Studio Version 17
VisualStudioVersion = 17.12.35707.178
MinimumVisualStudioVersion = 10.0.40219.1
Project("{FAE04EC0-301F-11D3-BF4B-00C04F79EFBC}") = "APIGateway", "APIGateway\APIGateway\APIGateway.csproj", "{1FD53583-E675-41E1-A0E3-42708DFFCAE6}"
EndProject
Project("{FAE04EC0-301F-11D3-BF4B-00C04F79EFBC}") = "OrderService", "OrderService\OrderService\OrderService.csproj", "{F528F41B-5261-43F8-8DF7-3E2E4DE901D4}"
EndProject
Project("{FAE04EC0-301F-11D3-BF4B-00C04F79EFBC}") = "ProductService", "ProductService\ProductService\ProductService.csproj", "{F1278044-A08D-4B3D-BA53-DA37E1DFFF00}"
EndProject
Project("{FAE04EC0-301F-11D3-BF4B-00C04F79EFBC}") = "UserService", "UserService\UserService.csproj", "{8AEBC921-4F79-41CD-A666-26E7ADCA6D78}"
EndProject
Project("{FAE04EC0-301F-11D3-BF4B-00C04F79EFBC}") = "PaymentService", "PaymentService\PaymentService.csproj", "{FCE8296C-B7F1-4A98-8992-393539D8EFAE}"
EndProject
Project("{FAE04EC0-301F-11D3-BF4B-00C04F79EFBC}") = "RecommendationService", "RecommendationService\RecommendationService.csproj", "{C7400E73-2127-4151-B79B-823CD3C8E6C6}"
EndProject
Project("{2150E333-8FDC-42A3-9474-1A3956D46DE8}") = "RetailroTests", "RetailroTests", "{7EFDA730-D052-489A-B6A6-CF2AB7FAFFBB}"
EndProject
Project("{FAE04EC0-301F-11D3-BF4B-00C04F79EFBC}") = "ProductServiceTests", "ProductServiceTests\ProductServiceTests.csproj", "{98E08D6A-DCC5-4D08-8F78-E3C34C697290}"
EndProject
Global
	GlobalSection(SolutionConfigurationPlatforms) = preSolution
		Debug|Any CPU = Debug|Any CPU
		Release|Any CPU = Release|Any CPU
	EndGlobalSection
	GlobalSection(ProjectConfigurationPlatforms) = postSolution
		{1FD53583-E675-41E1-A0E3-42708DFFCAE6}.Debug|Any CPU.ActiveCfg = Debug|Any CPU
		{1FD53583-E675-41E1-A0E3-42708DFFCAE6}.Debug|Any CPU.Build.0 = Debug|Any CPU
		{1FD53583-E675-41E1-A0E3-42708DFFCAE6}.Release|Any CPU.ActiveCfg = Release|Any CPU
		{1FD53583-E675-41E1-A0E3-42708DFFCAE6}.Release|Any CPU.Build.0 = Release|Any CPU
		{F528F41B-5261-43F8-8DF7-3E2E4DE901D4}.Debug|Any CPU.ActiveCfg = Debug|Any CPU
		{F528F41B-5261-43F8-8DF7-3E2E4DE901D4}.Debug|Any CPU.Build.0 = Debug|Any CPU
		{F528F41B-5261-43F8-8DF7-3E2E4DE901D4}.Release|Any CPU.ActiveCfg = Release|Any CPU
		{F528F41B-5261-43F8-8DF7-3E2E4DE901D4}.Release|Any CPU.Build.0 = Release|Any CPU
		{F1278044-A08D-4B3D-BA53-DA37E1DFFF00}.Debug|Any CPU.ActiveCfg = Debug|Any CPU
		{F1278044-A08D-4B3D-BA53-DA37E1DFFF00}.Debug|Any CPU.Build.0 = Debug|Any CPU
		{F1278044-A08D-4B3D-BA53-DA37E1DFFF00}.Release|Any CPU.ActiveCfg = Release|Any CPU
		{F1278044-A08D-4B3D-BA53-DA37E1DFFF00}.Release|Any CPU.Build.0 = Release|Any CPU
		{8AEBC921-4F79-41CD-A666-26E7ADCA6D78}.Debug|Any CPU.ActiveCfg = Debug|Any CPU
		{8AEBC921-4F79-41CD-A666-26E7ADCA6D78}.Debug|Any CPU.Build.0 = Debug|Any CPU
		{8AEBC921-4F79-41CD-A666-26E7ADCA6D78}.Release|Any CPU.ActiveCfg = Release|Any CPU
		{8AEBC921-4F79-41CD-A666-26E7ADCA6D78}.Release|Any CPU.Build.0 = Release|Any CPU
		{FCE8296C-B7F1-4A98-8992-393539D8EFAE}.Debug|Any CPU.ActiveCfg = Debug|Any CPU
		{FCE8296C-B7F1-4A98-8992-393539D8EFAE}.Debug|Any CPU.Build.0 = Debug|Any CPU
		{FCE8296C-B7F1-4A98-8992-393539D8EFAE}.Release|Any CPU.ActiveCfg = Release|Any CPU
		{FCE8296C-B7F1-4A98-8992-393539D8EFAE}.Release|Any CPU.Build.0 = Release|Any CPU
		{C7400E73-2127-4151-B79B-823CD3C8E6C6}.Debug|Any CPU.ActiveCfg = Debug|Any CPU
		{C7400E73-2127-4151-B79B-823CD3C8E6C6}.Debug|Any CPU.Build.0 = Debug|Any CPU
		{C7400E73-2127-4151-B79B-823CD3C8E6C6}.Release|Any CPU.ActiveCfg = Release|Any CPU
		{C7400E73-2127-4151-B79B-823CD3C8E6C6}.Release|Any CPU.Build.0 = Release|Any CPU
		{98E08D6A-DCC5-4D08-8F78-E3C34C697290}.Debug|Any CPU.ActiveCfg = Debug|Any CPU
		{98E08D6A-DCC5-4D08-8F78-E3C34C697290}.Debug|Any CPU.Build.0 = Debug|Any CPU
		{98E08D6A-DCC5-4D08-8F78-E3C34C697290}.Release|Any CPU.ActiveCfg = Release|Any CPU
		{98E08D6A-DCC5-4D08-8F78-E3C34C697290}.Release|Any CPU.Build.0 = Release|Any CPU
	EndGlobalSection
	GlobalSection(SolutionProperties) = preSolution
		HideSolutionNode = FALSE
	EndGlobalSection
	GlobalSection(NestedProjects) = preSolution
		{98E08D6A-DCC5-4D08-8F78-E3C34C697290} = {7EFDA730-D052-489A-B6A6-CF2AB7FAFFBB}
	EndGlobalSection
EndGlobal
