<?xml version="1.0" encoding="utf-8"?>
<Project ToolsVersion="4.0" xmlns="http://schemas.microsoft.com/developer/msbuild/2003">
  <ItemGroup>
    <Filter Include="Source Files">
      <UniqueIdentifier>{4FC737F1-C7A5-4376-A066-2A32D752A2FF}</UniqueIdentifier>
      <Extensions>cpp;c;cc;cxx;def;odl;idl;hpj;bat;asm;asmx</Extensions>
    </Filter>
    <Filter Include="Header Files">
      <UniqueIdentifier>{93995380-89BD-4b04-88EB-625FBE52EBFB}</UniqueIdentifier>
      <Extensions>h;hh;hpp;hxx;hm;inl;inc;ipp;xsd</Extensions>
    </Filter>
    <Filter Include="Resource Files">
      <UniqueIdentifier>{67DA6AB6-F800-4c08-8B7A-83BB121AAD01}</UniqueIdentifier>
      <Extensions>rc;ico;cur;bmp;dlg;rc2;rct;bin;rgs;gif;jpg;jpeg;jpe;resx;tiff;tif;png;wav;mfcribbon-ms</Extensions>
    </Filter>
    <Filter Include="Header Files\States">
      <UniqueIdentifier>{dda1e9f1-31c7-464a-bd63-30496465ebfe}</UniqueIdentifier>
    </Filter>
    <Filter Include="Header Files\SFMLUtil">
      <UniqueIdentifier>{3075099a-a585-47c9-9b12-ba174565f941}</UniqueIdentifier>
    </Filter>
    <Filter Include="Source Files\SFMLUtil">
      <UniqueIdentifier>{4d14b5f1-a996-423f-bcb0-339ac87690cf}</UniqueIdentifier>
    </Filter>
    <Filter Include="Source Files\States">
      <UniqueIdentifier>{8fd4d09f-46ec-452b-93a8-ce37ad88270f}</UniqueIdentifier>
    </Filter>
    <Filter Include="Source Files\Main">
      <UniqueIdentifier>{bb194559-a79e-4789-989f-5b507eed4ecb}</UniqueIdentifier>
    </Filter>
  </ItemGroup>
  <ItemGroup>
    <ClCompile Include="Button.cpp">
      <Filter>Source Files\SFMLUtil</Filter>
    </ClCompile>
    <ClCompile Include="Textbox.cpp">
      <Filter>Source Files\SFMLUtil</Filter>
    </ClCompile>
    <ClCompile Include="Tweetbox.cpp">
      <Filter>Source Files\SFMLUtil</Filter>
    </ClCompile>
    <ClCompile Include="UserInterface.cpp">
      <Filter>Source Files\SFMLUtil</Filter>
    </ClCompile>
    <ClCompile Include="LoginState.cpp">
      <Filter>Source Files\States</Filter>
    </ClCompile>
    <ClCompile Include="FeedState.cpp">
      <Filter>Source Files\States</Filter>
    </ClCompile>
    <ClCompile Include="ProfileState.cpp">
      <Filter>Source Files\States</Filter>
    </ClCompile>
    <ClCompile Include="RegisterState.cpp">
      <Filter>Source Files\States</Filter>
    </ClCompile>
    <ClCompile Include="State.cpp">
      <Filter>Source Files\States</Filter>
    </ClCompile>
    <ClCompile Include="TweetState.cpp">
      <Filter>Source Files\States</Filter>
    </ClCompile>
    <ClCompile Include="Main.cpp">
      <Filter>Source Files\Main</Filter>
    </ClCompile>
  </ItemGroup>
  <ItemGroup>
    <ClInclude Include="ClientFeatures.h">
      <Filter>Header Files</Filter>
    </ClInclude>
    <ClInclude Include="FeedState.h">
      <Filter>Header Files\States</Filter>
    </ClInclude>
    <ClInclude Include="ProfileState.h">
      <Filter>Header Files\States</Filter>
    </ClInclude>
    <ClInclude Include="RegisterState.h">
      <Filter>Header Files\States</Filter>
    </ClInclude>
    <ClInclude Include="TweetState.h">
      <Filter>Header Files\States</Filter>
    </ClInclude>
    <ClInclude Include="LoginState.h">
      <Filter>Header Files\States</Filter>
    </ClInclude>
    <ClInclude Include="Button.h">
      <Filter>Header Files\SFMLUtil</Filter>
    </ClInclude>
    <ClInclude Include="State.h">
      <Filter>Header Files\States</Filter>
    </ClInclude>
    <ClInclude Include="Textbox.h">
      <Filter>Header Files\SFMLUtil</Filter>
    </ClInclude>
    <ClInclude Include="Tweetbox.h">
      <Filter>Header Files\SFMLUtil</Filter>
    </ClInclude>
    <ClInclude Include="UserInterface.h">
      <Filter>Header Files\SFMLUtil</Filter>
    </ClInclude>
  </ItemGroup>
</Project>