
Microsoft Visual Studio Solution File, Format Version 12.00
# Visual Studio Version 16
VisualStudioVersion = 16.0.31205.134
MinimumVisualStudioVersion = 10.0.40219.1
Project("{8BC9CEB8-8B4A-11D0-8D11-00A0C91BC942}") = "twitter", "twitter\twitter.vcxproj", "{1CBF8C9E-C77D-4DD3-A25A-2F699585624F}"
EndProject
Project("{8BC9CEB8-8B4A-11D0-8D11-00A0C91BC942}") = "TwitterClient", "TwitterClient\TwitterClient.vcxproj", "{E0D25759-649A-4562-912B-656ABE5956A1}"
EndProject
Project("{8BC9CEB8-8B4A-11D0-8D11-00A0C91BC942}") = "Network", "Network\Network.vcxproj", "{658E0AE9-ECA2-4DA0-84C9-4229101AD8B8}"
EndProject
Project("{8BC9CEB8-8B4A-11D0-8D11-00A0C91BC942}") = "Logger", "Logger\Logger.vcxproj", "{A8E91A0B-B691-4C25-8EBF-2272C476BA38}"
EndProject
Global
	GlobalSection(SolutionConfigurationPlatforms) = preSolution
		Debug|x64 = Debug|x64
		Debug|x86 = Debug|x86
		Release|x64 = Release|x64
		Release|x86 = Release|x86
	EndGlobalSection
	GlobalSection(ProjectConfigurationPlatforms) = postSolution
		{1CBF8C9E-C77D-4DD3-A25A-2F699585624F}.Debug|x64.ActiveCfg = Debug|x64
		{1CBF8C9E-C77D-4DD3-A25A-2F699585624F}.Debug|x64.Build.0 = Debug|x64
		{1CBF8C9E-C77D-4DD3-A25A-2F699585624F}.Debug|x86.ActiveCfg = Debug|Win32
		{1CBF8C9E-C77D-4DD3-A25A-2F699585624F}.Debug|x86.Build.0 = Debug|Win32
		{1CBF8C9E-C77D-4DD3-A25A-2F699585624F}.Release|x64.ActiveCfg = Release|x64
		{1CBF8C9E-C77D-4DD3-A25A-2F699585624F}.Release|x64.Build.0 = Release|x64
		{1CBF8C9E-C77D-4DD3-A25A-2F699585624F}.Release|x86.ActiveCfg = Release|Win32
		{1CBF8C9E-C77D-4DD3-A25A-2F699585624F}.Release|x86.Build.0 = Release|Win32
		{E0D25759-649A-4562-912B-656ABE5956A1}.Debug|x64.ActiveCfg = Debug|x64
		{E0D25759-649A-4562-912B-656ABE5956A1}.Debug|x64.Build.0 = Debug|x64
		{E0D25759-649A-4562-912B-656ABE5956A1}.Debug|x86.ActiveCfg = Debug|Win32
		{E0D25759-649A-4562-912B-656ABE5956A1}.Debug|x86.Build.0 = Debug|Win32
		{E0D25759-649A-4562-912B-656ABE5956A1}.Release|x64.ActiveCfg = Release|x64
		{E0D25759-649A-4562-912B-656ABE5956A1}.Release|x64.Build.0 = Release|x64
		{E0D25759-649A-4562-912B-656ABE5956A1}.Release|x86.ActiveCfg = Release|Win32
		{E0D25759-649A-4562-912B-656ABE5956A1}.Release|x86.Build.0 = Release|Win32
		{658E0AE9-ECA2-4DA0-84C9-4229101AD8B8}.Debug|x64.ActiveCfg = Debug|x64
		{658E0AE9-ECA2-4DA0-84C9-4229101AD8B8}.Debug|x64.Build.0 = Debug|x64
		{658E0AE9-ECA2-4DA0-84C9-4229101AD8B8}.Debug|x86.ActiveCfg = Debug|Win32
		{658E0AE9-ECA2-4DA0-84C9-4229101AD8B8}.Debug|x86.Build.0 = Debug|Win32
		{658E0AE9-ECA2-4DA0-84C9-4229101AD8B8}.Release|x64.ActiveCfg = Release|x64
		{658E0AE9-ECA2-4DA0-84C9-4229101AD8B8}.Release|x64.Build.0 = Release|x64
		{658E0AE9-ECA2-4DA0-84C9-4229101AD8B8}.Release|x86.ActiveCfg = Release|Win32
		{658E0AE9-ECA2-4DA0-84C9-4229101AD8B8}.Release|x86.Build.0 = Release|Win32
		{A8E91A0B-B691-4C25-8EBF-2272C476BA38}.Debug|x64.ActiveCfg = Debug|x64
		{A8E91A0B-B691-4C25-8EBF-2272C476BA38}.Debug|x64.Build.0 = Debug|x64
		{A8E91A0B-B691-4C25-8EBF-2272C476BA38}.Debug|x86.ActiveCfg = Debug|Win32
		{A8E91A0B-B691-4C25-8EBF-2272C476BA38}.Debug|x86.Build.0 = Debug|Win32
		{A8E91A0B-B691-4C25-8EBF-2272C476BA38}.Release|x64.ActiveCfg = Release|x64
		{A8E91A0B-B691-4C25-8EBF-2272C476BA38}.Release|x64.Build.0 = Release|x64
		{A8E91A0B-B691-4C25-8EBF-2272C476BA38}.Release|x86.ActiveCfg = Release|Win32
		{A8E91A0B-B691-4C25-8EBF-2272C476BA38}.Release|x86.Build.0 = Release|Win32
	EndGlobalSection
	GlobalSection(SolutionProperties) = preSolution
		HideSolutionNode = FALSE
	EndGlobalSection
	GlobalSection(ExtensibilityGlobals) = postSolution
		SolutionGuid = {5316D090-06E6-4523-880A-DB2CBF3FB21D}
	EndGlobalSection
EndGlobal
